// !$*UTF8*$!
{
	archiveVersion = 1;
	classes = {
	};
	objectVersion = 56;
	objects = {

/* Begin PBXBuildFile section */
		3A128EDB2ADC4F26006E070F /* landmarkData.json in Resources */ = {isa = PBXBuildFile; fileRef = 3A128EDA2ADC4F26006E070F /* landmarkData.json */; };
		3A128EDD2ADC4F4D006E070F /* Landmark.swift in Sources */ = {isa = PBXBuildFile; fileRef = 3A128EDC2ADC4F4D006E070F /* Landmark.swift */; };
		3A128EDF2ADC516A006E070F /* ModelData.swift in Sources */ = {isa = PBXBuildFile; fileRef = 3A128EDE2ADC516A006E070F /* ModelData.swift */; };
		3A128EE42ADCD50C006E070F /* LandmarkRow.swift in Sources */ = {isa = PBXBuildFile; fileRef = 3A128EE32ADCD50B006E070F /* LandmarkRow.swift */; };
		3A128EE62ADD2E32006E070F /* LandmarkList.swift in Sources */ = {isa = PBXBuildFile; fileRef = 3A128EE52ADD2E32006E070F /* LandmarkList.swift */; };
		3A128EE82ADD2F65006E070F /* LandmarkDetail.swift in Sources */ = {isa = PBXBuildFile; fileRef = 3A128EE72ADD2F65006E070F /* LandmarkDetail.swift */; };
		3A128EEA2ADD30F3006E070F /* CircleImage.swift in Sources */ = {isa = PBXBuildFile; fileRef = 3A128EE92ADD30F3006E070F /* CircleImage.swift */; };
		3A99B34B2A315C0D003CFDD2 /* create_custome_image_viewApp.swift in Sources */ = {isa = PBXBuildFile; fileRef = 3A99B34A2A315C0D003CFDD2 /* create_custome_image_viewApp.swift */; };
		3A99B34D2A315C0D003CFDD2 /* ContentView.swift in Sources */ = {isa = PBXBuildFile; fileRef = 3A99B34C2A315C0D003CFDD2 /* ContentView.swift */; };
		3A99B34F2A315C0E003CFDD2 /* Assets.xcassets in Resources */ = {isa = PBXBuildFile; fileRef = 3A99B34E2A315C0E003CFDD2 /* Assets.xcassets */; };
		3A99B3522A315C0E003CFDD2 /* Preview Assets.xcassets in Resources */ = {isa = PBXBuildFile; fileRef = 3A99B3512A315C0E003CFDD2 /* Preview Assets.xcassets */; };
		3A99B3592A315F0A003CFDD2 /* SwiftUIView.swift in Sources */ = {isa = PBXBuildFile; fileRef = 3A99B3582A315F0A003CFDD2 /* SwiftUIView.swift */; };
		3A99B35B2A31695B003CFDD2 /* MapView.swift in Sources */ = {isa = PBXBuildFile; fileRef = 3A99B35A2A31695B003CFDD2 /* MapView.swift */; };
/* End PBXBuildFile section */

/* Begin PBXFileReference section */
		3A128EDA2ADC4F26006E070F /* landmarkData.json */ = {isa = PBXFileReference; fileEncoding = 4; lastKnownFileType = text.json; path = landmarkData.json; sourceTree = "<group>"; };
		3A128EDC2ADC4F4D006E070F /* Landmark.swift */ = {isa = PBXFileReference; lastKnownFileType = sourcecode.swift; path = Landmark.swift; sourceTree = "<group>"; };
		3A128EDE2ADC516A006E070F /* ModelData.swift */ = {isa = PBXFileReference; lastKnownFileType = sourcecode.swift; path = ModelData.swift; sourceTree = "<group>"; };
		3A128EE32ADCD50B006E070F /* LandmarkRow.swift */ = {isa = PBXFileReference; lastKnownFileType = sourcecode.swift; path = LandmarkRow.swift; sourceTree = "<group>"; };
		3A128EE52ADD2E32006E070F /* LandmarkList.swift */ = {isa = PBXFileReference; lastKnownFileType = sourcecode.swift; path = LandmarkList.swift; sourceTree = "<group>"; };
		3A128EE72ADD2F65006E070F /* LandmarkDetail.swift */ = {isa = PBXFileReference; lastKnownFileType = sourcecode.swift; path = LandmarkDetail.swift; sourceTree = "<group>"; };
		3A128EE92ADD30F3006E070F /* CircleImage.swift */ = {isa = PBXFileReference; lastKnownFileType = sourcecode.swift; path = CircleImage.swift; sourceTree = "<group>"; };
		3A99B3472A315C0D003CFDD2 /* create_custome_image_view.app */ = {isa = PBXFileReference; explicitFileType = wrapper.application; includeInIndex = 0; path = create_custome_image_view.app; sourceTree = BUILT_PRODUCTS_DIR; };
		3A99B34A2A315C0D003CFDD2 /* create_custome_image_viewApp.swift */ = {isa = PBXFileReference; lastKnownFileType = sourcecode.swift; path = create_custome_image_viewApp.swift; sourceTree = "<group>"; };
		3A99B34C2A315C0D003CFDD2 /* ContentView.swift */ = {isa = PBXFileReference; lastKnownFileType = sourcecode.swift; path = ContentView.swift; sourceTree = "<group>"; };
		3A99B34E2A315C0E003CFDD2 /* Assets.xcassets */ = {isa = PBXFileReference; lastKnownFileType = folder.assetcatalog; path = Assets.xcassets; sourceTree = "<group>"; };
		3A99B3512A315C0E003CFDD2 /* Preview Assets.xcassets */ = {isa = PBXFileReference; lastKnownFileType = folder.assetcatalog; path = "Preview Assets.xcassets"; sourceTree = "<group>"; };
		3A99B3582A315F0A003CFDD2 /* SwiftUIView.swift */ = {isa = PBXFileReference; lastKnownFileType = sourcecode.swift; path = SwiftUIView.swift; sourceTree = "<group>"; };
		3A99B35A2A31695B003CFDD2 /* MapView.swift */ = {isa = PBXFileReference; lastKnownFileType = sourcecode.swift; path = MapView.swift; sourceTree = "<group>"; };
/* End PBXFileReference section */

/* Begin PBXFrameworksBuildPhase section */
		3A99B3442A315C0D003CFDD2 /* Frameworks */ = {
			isa = PBXFrameworksBuildPhase;
			buildActionMask = 2147483647;
			files = (
			);
			runOnlyForDeploymentPostprocessing = 0;
		};
/* End PBXFrameworksBuildPhase section */

/* Begin PBXGroup section */
		3A128EE02ADC525A006E070F /* Views */ = {
			isa = PBXGroup;
			children = (
				3A99B34C2A315C0D003CFDD2 /* ContentView.swift */,
				3A99B3582A315F0A003CFDD2 /* SwiftUIView.swift */,
				3A99B35A2A31695B003CFDD2 /* MapView.swift */,
				3A128EE32ADCD50B006E070F /* LandmarkRow.swift */,
				3A128EE52ADD2E32006E070F /* LandmarkList.swift */,
				3A128EE72ADD2F65006E070F /* LandmarkDetail.swift */,
				3A128EE92ADD30F3006E070F /* CircleImage.swift */,
			);
			path = Views;
			sourceTree = "<group>";
		};
		3A128EE12ADC5264006E070F /* Model */ = {
			isa = PBXGroup;
			children = (
				3A128EDC2ADC4F4D006E070F /* Landmark.swift */,
				3A128EDE2ADC516A006E070F /* ModelData.swift */,
			);
			path = Model;
			sourceTree = "<group>";
		};
		3A128EE22ADC526C006E070F /* Resources */ = {
			isa = PBXGroup;
			children = (
				3A128EDA2ADC4F26006E070F /* landmarkData.json */,
			);
			path = Resources;
			sourceTree = "<group>";
		};
		3A99B33E2A315C0D003CFDD2 = {
			isa = PBXGroup;
			children = (
				3A99B3492A315C0D003CFDD2 /* create_custome_image_view */,
				3A99B3482A315C0D003CFDD2 /* Products */,
			);
			sourceTree = "<group>";
		};
		3A99B3482A315C0D003CFDD2 /* Products */ = {
			isa = PBXGroup;
			children = (
				3A99B3472A315C0D003CFDD2 /* create_custome_image_view.app */,
			);
			name = Products;
			sourceTree = "<group>";
		};
		3A99B3492A315C0D003CFDD2 /* create_custome_image_view */ = {
			isa = PBXGroup;
			children = (
				3A99B34A2A315C0D003CFDD2 /* create_custome_image_viewApp.swift */,
				3A128EE22ADC526C006E070F /* Resources */,
				3A128EE12ADC5264006E070F /* Model */,
				3A128EE02ADC525A006E070F /* Views */,
				3A99B34E2A315C0E003CFDD2 /* Assets.xcassets */,
				3A99B3502A315C0E003CFDD2 /* Preview Content */,
			);
			path = create_custome_image_view;
			sourceTree = "<group>";
		};
		3A99B3502A315C0E003CFDD2 /* Preview Content */ = {
			isa = PBXGroup;
			children = (
				3A99B3512A315C0E003CFDD2 /* Preview Assets.xcassets */,
			);
			path = "Preview Content";
			sourceTree = "<group>";
		};
/* End PBXGroup section */

/* Begin PBXNativeTarget section */
		3A99B3462A315C0D003CFDD2 /* create_custome_image_view */ = {
			isa = PBXNativeTarget;
			buildConfigurationList = 3A99B3552A315C0E003CFDD2 /* Build configuration list for PBXNativeTarget "create_custome_image_view" */;
			buildPhases = (
				3A99B3432A315C0D003CFDD2 /* Sources */,
				3A99B3442A315C0D003CFDD2 /* Frameworks */,
				3A99B3452A315C0D003CFDD2 /* Resources */,
			);
			buildRules = (
			);
			dependencies = (
			);
			name = create_custome_image_view;
			productName = create_custome_image_view;
			productReference = 3A99B3472A315C0D003CFDD2 /* create_custome_image_view.app */;
			productType = "com.apple.product-type.application";
		};
/* End PBXNativeTarget section */

/* Begin PBXProject section */
		3A99B33F2A315C0D003CFDD2 /* Project object */ = {
			isa = PBXProject;
			attributes = {
				BuildIndependentTargetsInParallel = 1;
				LastSwiftUpdateCheck = 1430;
				LastUpgradeCheck = 1430;
				TargetAttributes = {
					3A99B3462A315C0D003CFDD2 = {
						CreatedOnToolsVersion = 14.3.1;
					};
				};
			};
			buildConfigurationList = 3A99B3422A315C0D003CFDD2 /* Build configuration list for PBXProject "create_custome_image_view" */;
			compatibilityVersion = "Xcode 14.0";
			developmentRegion = en;
			hasScannedForEncodings = 0;
			knownRegions = (
				en,
				Base,
			);
			mainGroup = 3A99B33E2A315C0D003CFDD2;
			productRefGroup = 3A99B3482A315C0D003CFDD2 /* Products */;
			projectDirPath = "";
			projectRoot = "";
			targets = (
				3A99B3462A315C0D003CFDD2 /* create_custome_image_view */,
			);
		};
/* End PBXProject section */

/* Begin PBXResourcesBuildPhase section */
		3A99B3452A315C0D003CFDD2 /* Resources */ = {
			isa = PBXResourcesBuildPhase;
			buildActionMask = 2147483647;
			files = (
				3A99B3522A315C0E003CFDD2 /* Preview Assets.xcassets in Resources */,
				3A99B34F2A315C0E003CFDD2 /* Assets.xcassets in Resources */,
				3A128EDB2ADC4F26006E070F /* landmarkData.json in Resources */,
			);
			runOnlyForDeploymentPostprocessing = 0;
		};
/* End PBXResourcesBuildPhase section */

/* Begin PBXSourcesBuildPhase section */
		3A99B3432A315C0D003CFDD2 /* Sources */ = {
			isa = PBXSourcesBuildPhase;
			buildActionMask = 2147483647;
			files = (
				3A99B34D2A315C0D003CFDD2 /* ContentView.swift in Sources */,
				3A99B35B2A31695B003CFDD2 /* MapView.swift in Sources */,
				3A99B34B2A315C0D003CFDD2 /* create_custome_image_viewApp.swift in Sources */,
				3A128EE62ADD2E32006E070F /* LandmarkList.swift in Sources */,
				3A128EE82ADD2F65006E070F /* LandmarkDetail.swift in Sources */,
				3A99B3592A315F0A003CFDD2 /* SwiftUIView.swift in Sources */,
				3A128EDD2ADC4F4D006E070F /* Landmark.swift in Sources */,
				3A128EE42ADCD50C006E070F /* LandmarkRow.swift in Sources */,
				3A128EDF2ADC516A006E070F /* ModelData.swift in Sources */,
				3A128EEA2ADD30F3006E070F /* CircleImage.swift in Sources */,
			);
			runOnlyForDeploymentPostprocessing = 0;
		};
/* End PBXSourcesBuildPhase section */

/* Begin XCBuildConfiguration section */
		3A99B3532A315C0E003CFDD2 /* Debug */ = {
			isa = XCBuildConfiguration;
			buildSettings = {
				ALWAYS_SEARCH_USER_PATHS = NO;
				CLANG_ANALYZER_NONNULL = YES;
				CLANG_ANALYZER_NUMBER_OBJECT_CONVERSION = YES_AGGRESSIVE;
				CLANG_CXX_LANGUAGE_STANDARD = "gnu++20";
				CLANG_ENABLE_MODULES = YES;
				CLANG_ENABLE_OBJC_ARC = YES;
				CLANG_ENABLE_OBJC_WEAK = YES;
				CLANG_WARN_BLOCK_CAPTURE_AUTORELEASING = YES;
				CLANG_WARN_BOOL_CONVERSION = YES;
				CLANG_WARN_COMMA = YES;
				CLANG_WARN_CONSTANT_CONVERSION = YES;
				CLANG_WARN_DEPRECATED_OBJC_IMPLEMENTATIONS = YES;
				CLANG_WARN_DIRECT_OBJC_ISA_USAGE = YES_ERROR;
				CLANG_WARN_DOCUMENTATION_COMMENTS = YES;
				CLANG_WARN_EMPTY_BODY = YES;
				CLANG_WARN_ENUM_CONVERSION = YES;
				CLANG_WARN_INFINITE_RECURSION = YES;
				CLANG_WARN_INT_CONVERSION = YES;
				CLANG_WARN_NON_LITERAL_NULL_CONVERSION = YES;
				CLANG_WARN_OBJC_IMPLICIT_RETAIN_SELF = YES;
				CLANG_WARN_OBJC_LITERAL_CONVERSION = YES;
				CLANG_WARN_OBJC_ROOT_CLASS = YES_ERROR;
				CLANG_WARN_QUOTED_INCLUDE_IN_FRAMEWORK_HEADER = YES;
				CLANG_WARN_RANGE_LOOP_ANALYSIS = YES;
				CLANG_WARN_STRICT_PROTOTYPES = YES;
				CLANG_WARN_SUSPICIOUS_MOVE = YES;
				CLANG_WARN_UNGUARDED_AVAILABILITY = YES_AGGRESSIVE;
				CLANG_WARN_UNREACHABLE_CODE = YES;
				CLANG_WARN__DUPLICATE_METHOD_MATCH = YES;
				COPY_PHASE_STRIP = NO;
				DEBUG_INFORMATION_FORMAT = dwarf;
				ENABLE_STRICT_OBJC_MSGSEND = YES;
				ENABLE_TESTABILITY = YES;
				GCC_C_LANGUAGE_STANDARD = gnu11;
				GCC_DYNAMIC_NO_PIC = NO;
				GCC_NO_COMMON_BLOCKS = YES;
				GCC_OPTIMIZATION_LEVEL = 0;
				GCC_PREPROCESSOR_DEFINITIONS = (
					"DEBUG=1",
					"$(inherited)",
				);
				GCC_WARN_64_TO_32_BIT_CONVERSION = YES;
				GCC_WARN_ABOUT_RETURN_TYPE = YES_ERROR;
				GCC_WARN_UNDECLARED_SELECTOR = YES;
				GCC_WARN_UNINITIALIZED_AUTOS = YES_AGGRESSIVE;
				GCC_WARN_UNUSED_FUNCTION = YES;
				GCC_WARN_UNUSED_VARIABLE = YES;
				IPHONEOS_DEPLOYMENT_TARGET = 16.4;
				MTL_ENABLE_DEBUG_INFO = INCLUDE_SOURCE;
				MTL_FAST_MATH = YES;
				ONLY_ACTIVE_ARCH = YES;
				SDKROOT = iphoneos;
				SWIFT_ACTIVE_COMPILATION_CONDITIONS = DEBUG;
				SWIFT_OPTIMIZATION_LEVEL = "-Onone";
			};
			name = Debug;
		};
		3A99B3542A315C0E003CFDD2 /* Release */ = {
			isa = XCBuildConfiguration;
			buildSettings = {
				ALWAYS_SEARCH_USER_PATHS = NO;
				CLANG_ANALYZER_NONNULL = YES;
				CLANG_ANALYZER_NUMBER_OBJECT_CONVERSION = YES_AGGRESSIVE;
				CLANG_CXX_LANGUAGE_STANDARD = "gnu++20";
				CLANG_ENABLE_MODULES = YES;
				CLANG_ENABLE_OBJC_ARC = YES;
				CLANG_ENABLE_OBJC_WEAK = YES;
				CLANG_WARN_BLOCK_CAPTURE_AUTORELEASING = YES;
				CLANG_WARN_BOOL_CONVERSION = YES;
				CLANG_WARN_COMMA = YES;
				CLANG_WARN_CONSTANT_CONVERSION = YES;
				CLANG_WARN_DEPRECATED_OBJC_IMPLEMENTATIONS = YES;
				CLANG_WARN_DIRECT_OBJC_ISA_USAGE = YES_ERROR;
				CLANG_WARN_DOCUMENTATION_COMMENTS = YES;
				CLANG_WARN_EMPTY_BODY = YES;
				CLANG_WARN_ENUM_CONVERSION = YES;
				CLANG_WARN_INFINITE_RECURSION = YES;
				CLANG_WARN_INT_CONVERSION = YES;
				CLANG_WARN_NON_LITERAL_NULL_CONVERSION = YES;
				CLANG_WARN_OBJC_IMPLICIT_RETAIN_SELF = YES;
				CLANG_WARN_OBJC_LITERAL_CONVERSION = YES;
				CLANG_WARN_OBJC_ROOT_CLASS = YES_ERROR;
				CLANG_WARN_QUOTED_INCLUDE_IN_FRAMEWORK_HEADER = YES;
				CLANG_WARN_RANGE_LOOP_ANALYSIS = YES;
				CLANG_WARN_STRICT_PROTOTYPES = YES;
				CLANG_WARN_SUSPICIOUS_MOVE = YES;
				CLANG_WARN_UNGUARDED_AVAILABILITY = YES_AGGRESSIVE;
				CLANG_WARN_UNREACHABLE_CODE = YES;
				CLANG_WARN__DUPLICATE_METHOD_MATCH = YES;
				COPY_PHASE_STRIP = NO;
				DEBUG_INFORMATION_FORMAT = "dwarf-with-dsym";
				ENABLE_NS_ASSERTIONS = NO;
				ENABLE_STRICT_OBJC_MSGSEND = YES;
				GCC_C_LANGUAGE_STANDARD = gnu11;
				GCC_NO_COMMON_BLOCKS = YES;
				GCC_WARN_64_TO_32_BIT_CONVERSION = YES;
				GCC_WARN_ABOUT_RETURN_TYPE = YES_ERROR;
				GCC_WARN_UNDECLARED_SELECTOR = YES;
				GCC_WARN_UNINITIALIZED_AUTOS = YES_AGGRESSIVE;
				GCC_WARN_UNUSED_FUNCTION = YES;
				GCC_WARN_UNUSED_VARIABLE = YES;
				IPHONEOS_DEPLOYMENT_TARGET = 16.4;
				MTL_ENABLE_DEBUG_INFO = NO;
				MTL_FAST_MATH = YES;
				SDKROOT = iphoneos;
				SWIFT_COMPILATION_MODE = wholemodule;
				SWIFT_OPTIMIZATION_LEVEL = "-O";
				VALIDATE_PRODUCT = YES;
			};
			name = Release;
		};
		3A99B3562A315C0E003CFDD2 /* Debug */ = {
			isa = XCBuildConfiguration;
			buildSettings = {
				ASSETCATALOG_COMPILER_APPICON_NAME = AppIcon;
				ASSETCATALOG_COMPILER_GLOBAL_ACCENT_COLOR_NAME = AccentColor;
				CODE_SIGN_STYLE = Automatic;
				CURRENT_PROJECT_VERSION = 1;
				DEVELOPMENT_ASSET_PATHS = "\"create_custome_image_view/Preview Content\"";
				ENABLE_PREVIEWS = YES;
				GENERATE_INFOPLIST_FILE = YES;
				INFOPLIST_KEY_UIApplicationSceneManifest_Generation = YES;
				INFOPLIST_KEY_UIApplicationSupportsIndirectInputEvents = YES;
				INFOPLIST_KEY_UILaunchScreen_Generation = YES;
				INFOPLIST_KEY_UISupportedInterfaceOrientations_iPad = "UIInterfaceOrientationPortrait UIInterfaceOrientationPortraitUpsideDown UIInterfaceOrientationLandscapeLeft UIInterfaceOrientationLandscapeRight";
				INFOPLIST_KEY_UISupportedInterfaceOrientations_iPhone = "UIInterfaceOrientationPortrait UIInterfaceOrientationLandscapeLeft UIInterfaceOrientationLandscapeRight";
				LD_RUNPATH_SEARCH_PATHS = (
					"$(inherited)",
					"@executable_path/Frameworks",
				);
				MARKETING_VERSION = 1.0;
				PRODUCT_BUNDLE_IDENTIFIER = "raka.create-custome-image-view";
				PRODUCT_NAME = "$(TARGET_NAME)";
				SWIFT_EMIT_LOC_STRINGS = YES;
				SWIFT_VERSION = 5.0;
				TARGETED_DEVICE_FAMILY = "1,2";
			};
			name = Debug;
		};
		3A99B3572A315C0E003CFDD2 /* Release */ = {
			isa = XCBuildConfiguration;
			buildSettings = {
				ASSETCATALOG_COMPILER_APPICON_NAME = AppIcon;
				ASSETCATALOG_COMPILER_GLOBAL_ACCENT_COLOR_NAME = AccentColor;
				CODE_SIGN_STYLE = Automatic;
				CURRENT_PROJECT_VERSION = 1;
				DEVELOPMENT_ASSET_PATHS = "\"create_custome_image_view/Preview Content\"";
				ENABLE_PREVIEWS = YES;
				GENERATE_INFOPLIST_FILE = YES;
				INFOPLIST_KEY_UIApplicationSceneManifest_Generation = YES;
				INFOPLIST_KEY_UIApplicationSupportsIndirectInputEvents = YES;
				INFOPLIST_KEY_UILaunchScreen_Generation = YES;
				INFOPLIST_KEY_UISupportedInterfaceOrientations_iPad = "UIInterfaceOrientationPortrait UIInterfaceOrientationPortraitUpsideDown UIInterfaceOrientationLandscapeLeft UIInterfaceOrientationLandscapeRight";
				INFOPLIST_KEY_UISupportedInterfaceOrientations_iPhone = "UIInterfaceOrientationPortrait UIInterfaceOrientationLandscapeLeft UIInterfaceOrientationLandscapeRight";
				LD_RUNPATH_SEARCH_PATHS = (
					"$(inherited)",
					"@executable_path/Frameworks",
				);
				MARKETING_VERSION = 1.0;
				PRODUCT_BUNDLE_IDENTIFIER = "raka.create-custome-image-view";
				PRODUCT_NAME = "$(TARGET_NAME)";
				SWIFT_EMIT_LOC_STRINGS = YES;
				SWIFT_VERSION = 5.0;
				TARGETED_DEVICE_FAMILY = "1,2";
			};
			name = Release;
		};
/* End XCBuildConfiguration section */

/* Begin XCConfigurationList section */
		3A99B3422A315C0D003CFDD2 /* Build configuration list for PBXProject "create_custome_image_view" */ = {
			isa = XCConfigurationList;
			buildConfigurations = (
				3A99B3532A315C0E003CFDD2 /* Debug */,
				3A99B3542A315C0E003CFDD2 /* Release */,
			);
			defaultConfigurationIsVisible = 0;
			defaultConfigurationName = Release;
		};
		3A99B3552A315C0E003CFDD2 /* Build configuration list for PBXNativeTarget "create_custome_image_view" */ = {
			isa = XCConfigurationList;
			buildConfigurations = (
				3A99B3562A315C0E003CFDD2 /* Debug */,
				3A99B3572A315C0E003CFDD2 /* Release */,
			);
			defaultConfigurationIsVisible = 0;
			defaultConfigurationName = Release;
		};
/* End XCConfigurationList section */
	};
	rootObject = 3A99B33F2A315C0D003CFDD2 /* Project object */;
}
